
Microsoft Visual Studio Solution File, Format Version 11.00
# Visual Studio 2010
Project("{FAE04EC0-301F-11D3-BF4B-00C04F79EFBC}") = "HistoricalQuotes.Common", "HistoricalQuotes.Common\HistoricalQuotes.Common.csproj", "{7AD9DDE5-AFD0-43B2-BA28-30F7D49BC828}"
EndProject
Project("{FAE04EC0-301F-11D3-BF4B-00C04F79EFBC}") = "HistoricalQuotes.CmdLine", "HistoricalQuotes.CmdLine\HistoricalQuotes.CmdLine.csproj", "{154CC055-CD82-458F-8E62-C9C73A885431}"
EndProject
Project("{2150E333-8FDC-42A3-9474-1A3956D46DE8}") = "Scripts", "Scripts", "{8DBB2434-D193-416B-8A5F-470C56694E18}"
	ProjectSection(SolutionItems) = preProject
		CreateDB.sql = CreateDB.sql
	EndProjectSection
EndProject
Global
	GlobalSection(SolutionConfigurationPlatforms) = preSolution
		Debug|Any CPU = Debug|Any CPU
		Debug|Mixed Platforms = Debug|Mixed Platforms
		Debug|x86 = Debug|x86
		Release|Any CPU = Release|Any CPU
		Release|Mixed Platforms = Release|Mixed Platforms
		Release|x86 = Release|x86
	EndGlobalSection
	GlobalSection(ProjectConfigurationPlatforms) = postSolution
		{7AD9DDE5-AFD0-43B2-BA28-30F7D49BC828}.Debug|Any CPU.ActiveCfg = Debug|Any CPU
		{7AD9DDE5-AFD0-43B2-BA28-30F7D49BC828}.Debug|Any CPU.Build.0 = Debug|Any CPU
		{7AD9DDE5-AFD0-43B2-BA28-30F7D49BC828}.Debug|Mixed Platforms.ActiveCfg = Debug|Any CPU
		{7AD9DDE5-AFD0-43B2-BA28-30F7D49BC828}.Debug|Mixed Platforms.Build.0 = Debug|Any CPU
		{7AD9DDE5-AFD0-43B2-BA28-30F7D49BC828}.Debug|x86.ActiveCfg = Debug|Any CPU
		{7AD9DDE5-AFD0-43B2-BA28-30F7D49BC828}.Release|Any CPU.ActiveCfg = Release|Any CPU
		{7AD9DDE5-AFD0-43B2-BA28-30F7D49BC828}.Release|Any CPU.Build.0 = Release|Any CPU
		{7AD9DDE5-AFD0-43B2-BA28-30F7D49BC828}.Release|Mixed Platforms.ActiveCfg = Release|Any CPU
		{7AD9DDE5-AFD0-43B2-BA28-30F7D49BC828}.Release|Mixed Platforms.Build.0 = Release|Any CPU
		{7AD9DDE5-AFD0-43B2-BA28-30F7D49BC828}.Release|x86.ActiveCfg = Release|Any CPU
		{154CC055-CD82-458F-8E62-C9C73A885431}.Debug|Any CPU.ActiveCfg = Debug|x86
		{154CC055-CD82-458F-8E62-C9C73A885431}.Debug|Mixed Platforms.ActiveCfg = Debug|x86
		{154CC055-CD82-458F-8E62-C9C73A885431}.Debug|Mixed Platforms.Build.0 = Debug|x86
		{154CC055-CD82-458F-8E62-C9C73A885431}.Debug|x86.ActiveCfg = Debug|x86
		{154CC055-CD82-458F-8E62-C9C73A885431}.Debug|x86.Build.0 = Debug|x86
		{154CC055-CD82-458F-8E62-C9C73A885431}.Release|Any CPU.ActiveCfg = Release|x86
		{154CC055-CD82-458F-8E62-C9C73A885431}.Release|Mixed Platforms.ActiveCfg = Release|x86
		{154CC055-CD82-458F-8E62-C9C73A885431}.Release|Mixed Platforms.Build.0 = Release|x86
		{154CC055-CD82-458F-8E62-C9C73A885431}.Release|x86.ActiveCfg = Release|x86
		{154CC055-CD82-458F-8E62-C9C73A885431}.Release|x86.Build.0 = Release|x86
	EndGlobalSection
	GlobalSection(SolutionProperties) = preSolution
		HideSolutionNode = FALSE
	EndGlobalSection
EndGlobal
